
Microsoft Visual Studio Solution File, Format Version 12.00
# Visual Studio Version 16
VisualStudioVersion = 16.0.29806.167
MinimumVisualStudioVersion = 10.0.40219.1
Project("{FAE04EC0-301F-11D3-BF4B-00C04F79EFBC}") = "Rocks-Clock-Mobile.Android", "Rocks-Clock-Mobile\Rocks-Clock-Mobile.Android\Rocks-Clock-Mobile.Android.csproj", "{AABBA359-7E04-40A0-89C0-5F8E7F610A8B}"
EndProject
Project("{FAE04EC0-301F-11D3-BF4B-00C04F79EFBC}") = "Rocks-Clock-Mobile.iOS", "Rocks-Clock-Mobile\Rocks-Clock-Mobile.iOS\Rocks-Clock-Mobile.iOS.csproj", "{126019F0-8091-4DF3-B69A-90D91DCAB4A4}"
EndProject
Project("{FAE04EC0-301F-11D3-BF4B-00C04F79EFBC}") = "Rocks-Clock-Mobile", "Rocks-Clock-Mobile\Rocks-Clock-Mobile\Rocks-Clock-Mobile.csproj", "{A6C73B57-8787-40A3-867A-0965D509A510}"
EndProject
Global
	GlobalSection(SolutionConfigurationPlatforms) = preSolution
		Debug|Any CPU = Debug|Any CPU
		Debug|iPhone = Debug|iPhone
		Debug|iPhoneSimulator = Debug|iPhoneSimulator
		Release|Any CPU = Release|Any CPU
		Release|iPhone = Release|iPhone
		Release|iPhoneSimulator = Release|iPhoneSimulator
	EndGlobalSection
	GlobalSection(ProjectConfigurationPlatforms) = postSolution
		{AABBA359-7E04-40A0-89C0-5F8E7F610A8B}.Debug|Any CPU.ActiveCfg = Debug|Any CPU
		{AABBA359-7E04-40A0-89C0-5F8E7F610A8B}.Debug|Any CPU.Build.0 = Debug|Any CPU
		{AABBA359-7E04-40A0-89C0-5F8E7F610A8B}.Debug|Any CPU.Deploy.0 = Debug|Any CPU
		{AABBA359-7E04-40A0-89C0-5F8E7F610A8B}.Debug|iPhone.ActiveCfg = Debug|Any CPU
		{AABBA359-7E04-40A0-89C0-5F8E7F610A8B}.Debug|iPhone.Build.0 = Debug|Any CPU
		{AABBA359-7E04-40A0-89C0-5F8E7F610A8B}.Debug|iPhone.Deploy.0 = Debug|Any CPU
		{AABBA359-7E04-40A0-89C0-5F8E7F610A8B}.Debug|iPhoneSimulator.ActiveCfg = Debug|Any CPU
		{AABBA359-7E04-40A0-89C0-5F8E7F610A8B}.Debug|iPhoneSimulator.Build.0 = Debug|Any CPU
		{AABBA359-7E04-40A0-89C0-5F8E7F610A8B}.Debug|iPhoneSimulator.Deploy.0 = Debug|Any CPU
		{AABBA359-7E04-40A0-89C0-5F8E7F610A8B}.Release|Any CPU.ActiveCfg = Release|Any CPU
		{AABBA359-7E04-40A0-89C0-5F8E7F610A8B}.Release|Any CPU.Build.0 = Release|Any CPU
		{AABBA359-7E04-40A0-89C0-5F8E7F610A8B}.Release|Any CPU.Deploy.0 = Release|Any CPU
		{AABBA359-7E04-40A0-89C0-5F8E7F610A8B}.Release|iPhone.ActiveCfg = Release|Any CPU
		{AABBA359-7E04-40A0-89C0-5F8E7F610A8B}.Release|iPhone.Build.0 = Release|Any CPU
		{AABBA359-7E04-40A0-89C0-5F8E7F610A8B}.Release|iPhone.Deploy.0 = Release|Any CPU
		{AABBA359-7E04-40A0-89C0-5F8E7F610A8B}.Release|iPhoneSimulator.ActiveCfg = Release|Any CPU
		{AABBA359-7E04-40A0-89C0-5F8E7F610A8B}.Release|iPhoneSimulator.Build.0 = Release|Any CPU
		{AABBA359-7E04-40A0-89C0-5F8E7F610A8B}.Release|iPhoneSimulator.Deploy.0 = Release|Any CPU
		{126019F0-8091-4DF3-B69A-90D91DCAB4A4}.Debug|Any CPU.ActiveCfg = Debug|iPhoneSimulator
		{126019F0-8091-4DF3-B69A-90D91DCAB4A4}.Debug|Any CPU.Build.0 = Debug|iPhoneSimulator
		{126019F0-8091-4DF3-B69A-90D91DCAB4A4}.Debug|Any CPU.Deploy.0 = Debug|iPhoneSimulator
		{126019F0-8091-4DF3-B69A-90D91DCAB4A4}.Debug|iPhone.ActiveCfg = Debug|iPhone
		{126019F0-8091-4DF3-B69A-90D91DCAB4A4}.Debug|iPhone.Build.0 = Debug|iPhone
		{126019F0-8091-4DF3-B69A-90D91DCAB4A4}.Debug|iPhone.Deploy.0 = Debug|iPhone
		{126019F0-8091-4DF3-B69A-90D91DCAB4A4}.Debug|iPhoneSimulator.ActiveCfg = Debug|iPhoneSimulator
		{126019F0-8091-4DF3-B69A-90D91DCAB4A4}.Debug|iPhoneSimulator.Build.0 = Debug|iPhoneSimulator
		{126019F0-8091-4DF3-B69A-90D91DCAB4A4}.Debug|iPhoneSimulator.Deploy.0 = Debug|iPhoneSimulator
		{126019F0-8091-4DF3-B69A-90D91DCAB4A4}.Release|Any CPU.ActiveCfg = Release|iPhone
		{126019F0-8091-4DF3-B69A-90D91DCAB4A4}.Release|Any CPU.Build.0 = Release|iPhone
		{126019F0-8091-4DF3-B69A-90D91DCAB4A4}.Release|Any CPU.Deploy.0 = Release|iPhone
		{126019F0-8091-4DF3-B69A-90D91DCAB4A4}.Release|iPhone.ActiveCfg = Release|iPhone
		{126019F0-8091-4DF3-B69A-90D91DCAB4A4}.Release|iPhone.Build.0 = Release|iPhone
		{126019F0-8091-4DF3-B69A-90D91DCAB4A4}.Release|iPhone.Deploy.0 = Release|iPhone
		{126019F0-8091-4DF3-B69A-90D91DCAB4A4}.Release|iPhoneSimulator.ActiveCfg = Release|iPhoneSimulator
		{126019F0-8091-4DF3-B69A-90D91DCAB4A4}.Release|iPhoneSimulator.Build.0 = Release|iPhoneSimulator
		{126019F0-8091-4DF3-B69A-90D91DCAB4A4}.Release|iPhoneSimulator.Deploy.0 = Release|iPhoneSimulator
		{A6C73B57-8787-40A3-867A-0965D509A510}.Debug|Any CPU.ActiveCfg = Debug|Any CPU
		{A6C73B57-8787-40A3-867A-0965D509A510}.Debug|Any CPU.Build.0 = Debug|Any CPU
		{A6C73B57-8787-40A3-867A-0965D509A510}.Debug|Any CPU.Deploy.0 = Debug|Any CPU
		{A6C73B57-8787-40A3-867A-0965D509A510}.Debug|iPhone.ActiveCfg = Debug|Any CPU
		{A6C73B57-8787-40A3-867A-0965D509A510}.Debug|iPhone.Build.0 = Debug|Any CPU
		{A6C73B57-8787-40A3-867A-0965D509A510}.Debug|iPhone.Deploy.0 = Debug|Any CPU
		{A6C73B57-8787-40A3-867A-0965D509A510}.Debug|iPhoneSimulator.ActiveCfg = Debug|Any CPU
		{A6C73B57-8787-40A3-867A-0965D509A510}.Debug|iPhoneSimulator.Build.0 = Debug|Any CPU
		{A6C73B57-8787-40A3-867A-0965D509A510}.Debug|iPhoneSimulator.Deploy.0 = Debug|Any CPU
		{A6C73B57-8787-40A3-867A-0965D509A510}.Release|Any CPU.ActiveCfg = Release|Any CPU
		{A6C73B57-8787-40A3-867A-0965D509A510}.Release|Any CPU.Build.0 = Release|Any CPU
		{A6C73B57-8787-40A3-867A-0965D509A510}.Release|Any CPU.Deploy.0 = Release|Any CPU
		{A6C73B57-8787-40A3-867A-0965D509A510}.Release|iPhone.ActiveCfg = Release|Any CPU
		{A6C73B57-8787-40A3-867A-0965D509A510}.Release|iPhone.Build.0 = Release|Any CPU
		{A6C73B57-8787-40A3-867A-0965D509A510}.Release|iPhone.Deploy.0 = Release|Any CPU
		{A6C73B57-8787-40A3-867A-0965D509A510}.Release|iPhoneSimulator.ActiveCfg = Release|Any CPU
		{A6C73B57-8787-40A3-867A-0965D509A510}.Release|iPhoneSimulator.Build.0 = Release|Any CPU
		{A6C73B57-8787-40A3-867A-0965D509A510}.Release|iPhoneSimulator.Deploy.0 = Release|Any CPU
	EndGlobalSection
	GlobalSection(SolutionProperties) = preSolution
		HideSolutionNode = FALSE
	EndGlobalSection
	GlobalSection(ExtensibilityGlobals) = postSolution
		SolutionGuid = {0D361831-992A-412B-A88F-7BA6E76DAC41}
	EndGlobalSection
EndGlobal
