
Microsoft Visual Studio Solution File, Format Version 12.00
# Visual Studio Version 16
VisualStudioVersion = 16.0.29806.167
MinimumVisualStudioVersion = 10.0.40219.1
Project("{FAE04EC0-301F-11D3-BF4B-00C04F79EFBC}") = "RockClockMobile.Android", "RockClockMobile\RockClockMobile.Android\RockClockMobile.Android.csproj", "{C9C629A1-8688-4C51-BD01-4CB9EBDAE1DD}"
EndProject
Project("{FAE04EC0-301F-11D3-BF4B-00C04F79EFBC}") = "RockClockMobile.iOS", "RockClockMobile\RockClockMobile.iOS\RockClockMobile.iOS.csproj", "{FA0A1B4A-95B5-41A9-8E79-DFBA23CA6046}"
EndProject
Project("{9A19103F-16F7-4668-BE54-9A1E7A4F7556}") = "RockClockMobile", "RockClockMobile\RockClockMobile\RockClockMobile.csproj", "{C8840184-153B-431D-A23F-8882C2E72C11}"
EndProject
Project("{2150E333-8FDC-42A3-9474-1A3956D46DE8}") = "Tests", "Tests", "{856DE10C-5807-4F73-9166-CC2F54BB6322}"
EndProject
Project("{FAE04EC0-301F-11D3-BF4B-00C04F79EFBC}") = "RockClockMobileUITest.UITest", "RocksClock.Test\RockClockMobileUITest.UITest\RockClockMobileUITest.UITest.csproj", "{E07F156E-4D52-4F3A-95A1-FDE3FD18EBFF}"
EndProject
Global
	GlobalSection(SolutionConfigurationPlatforms) = preSolution
		Debug|Any CPU = Debug|Any CPU
		Debug|iPhone = Debug|iPhone
		Debug|iPhoneSimulator = Debug|iPhoneSimulator
		Release|Any CPU = Release|Any CPU
		Release|iPhone = Release|iPhone
		Release|iPhoneSimulator = Release|iPhoneSimulator
	EndGlobalSection
	GlobalSection(ProjectConfigurationPlatforms) = postSolution
		{C9C629A1-8688-4C51-BD01-4CB9EBDAE1DD}.Debug|Any CPU.ActiveCfg = Debug|Any CPU
		{C9C629A1-8688-4C51-BD01-4CB9EBDAE1DD}.Debug|Any CPU.Build.0 = Debug|Any CPU
		{C9C629A1-8688-4C51-BD01-4CB9EBDAE1DD}.Debug|Any CPU.Deploy.0 = Debug|Any CPU
		{C9C629A1-8688-4C51-BD01-4CB9EBDAE1DD}.Debug|iPhone.ActiveCfg = Debug|Any CPU
		{C9C629A1-8688-4C51-BD01-4CB9EBDAE1DD}.Debug|iPhone.Build.0 = Debug|Any CPU
		{C9C629A1-8688-4C51-BD01-4CB9EBDAE1DD}.Debug|iPhone.Deploy.0 = Debug|Any CPU
		{C9C629A1-8688-4C51-BD01-4CB9EBDAE1DD}.Debug|iPhoneSimulator.ActiveCfg = Debug|Any CPU
		{C9C629A1-8688-4C51-BD01-4CB9EBDAE1DD}.Debug|iPhoneSimulator.Build.0 = Debug|Any CPU
		{C9C629A1-8688-4C51-BD01-4CB9EBDAE1DD}.Debug|iPhoneSimulator.Deploy.0 = Debug|Any CPU
		{C9C629A1-8688-4C51-BD01-4CB9EBDAE1DD}.Release|Any CPU.ActiveCfg = Release|Any CPU
		{C9C629A1-8688-4C51-BD01-4CB9EBDAE1DD}.Release|Any CPU.Build.0 = Release|Any CPU
		{C9C629A1-8688-4C51-BD01-4CB9EBDAE1DD}.Release|Any CPU.Deploy.0 = Release|Any CPU
		{C9C629A1-8688-4C51-BD01-4CB9EBDAE1DD}.Release|iPhone.ActiveCfg = Release|Any CPU
		{C9C629A1-8688-4C51-BD01-4CB9EBDAE1DD}.Release|iPhone.Build.0 = Release|Any CPU
		{C9C629A1-8688-4C51-BD01-4CB9EBDAE1DD}.Release|iPhone.Deploy.0 = Release|Any CPU
		{C9C629A1-8688-4C51-BD01-4CB9EBDAE1DD}.Release|iPhoneSimulator.ActiveCfg = Release|Any CPU
		{C9C629A1-8688-4C51-BD01-4CB9EBDAE1DD}.Release|iPhoneSimulator.Build.0 = Release|Any CPU
		{C9C629A1-8688-4C51-BD01-4CB9EBDAE1DD}.Release|iPhoneSimulator.Deploy.0 = Release|Any CPU
		{FA0A1B4A-95B5-41A9-8E79-DFBA23CA6046}.Debug|Any CPU.ActiveCfg = Debug|iPhoneSimulator
		{FA0A1B4A-95B5-41A9-8E79-DFBA23CA6046}.Debug|Any CPU.Build.0 = Debug|iPhoneSimulator
		{FA0A1B4A-95B5-41A9-8E79-DFBA23CA6046}.Debug|Any CPU.Deploy.0 = Debug|iPhoneSimulator
		{FA0A1B4A-95B5-41A9-8E79-DFBA23CA6046}.Debug|iPhone.ActiveCfg = Debug|iPhone
		{FA0A1B4A-95B5-41A9-8E79-DFBA23CA6046}.Debug|iPhone.Build.0 = Debug|iPhone
		{FA0A1B4A-95B5-41A9-8E79-DFBA23CA6046}.Debug|iPhone.Deploy.0 = Debug|iPhone
		{FA0A1B4A-95B5-41A9-8E79-DFBA23CA6046}.Debug|iPhoneSimulator.ActiveCfg = Debug|iPhoneSimulator
		{FA0A1B4A-95B5-41A9-8E79-DFBA23CA6046}.Debug|iPhoneSimulator.Build.0 = Debug|iPhoneSimulator
		{FA0A1B4A-95B5-41A9-8E79-DFBA23CA6046}.Debug|iPhoneSimulator.Deploy.0 = Debug|iPhoneSimulator
		{FA0A1B4A-95B5-41A9-8E79-DFBA23CA6046}.Release|Any CPU.ActiveCfg = Release|iPhone
		{FA0A1B4A-95B5-41A9-8E79-DFBA23CA6046}.Release|Any CPU.Build.0 = Release|iPhone
		{FA0A1B4A-95B5-41A9-8E79-DFBA23CA6046}.Release|Any CPU.Deploy.0 = Release|iPhone
		{FA0A1B4A-95B5-41A9-8E79-DFBA23CA6046}.Release|iPhone.ActiveCfg = Release|iPhone
		{FA0A1B4A-95B5-41A9-8E79-DFBA23CA6046}.Release|iPhone.Build.0 = Release|iPhone
		{FA0A1B4A-95B5-41A9-8E79-DFBA23CA6046}.Release|iPhone.Deploy.0 = Release|iPhone
		{FA0A1B4A-95B5-41A9-8E79-DFBA23CA6046}.Release|iPhoneSimulator.ActiveCfg = Release|iPhoneSimulator
		{FA0A1B4A-95B5-41A9-8E79-DFBA23CA6046}.Release|iPhoneSimulator.Build.0 = Release|iPhoneSimulator
		{FA0A1B4A-95B5-41A9-8E79-DFBA23CA6046}.Release|iPhoneSimulator.Deploy.0 = Release|iPhoneSimulator
		{C8840184-153B-431D-A23F-8882C2E72C11}.Debug|Any CPU.ActiveCfg = Debug|Any CPU
		{C8840184-153B-431D-A23F-8882C2E72C11}.Debug|Any CPU.Build.0 = Debug|Any CPU
		{C8840184-153B-431D-A23F-8882C2E72C11}.Debug|Any CPU.Deploy.0 = Debug|Any CPU
		{C8840184-153B-431D-A23F-8882C2E72C11}.Debug|iPhone.ActiveCfg = Debug|Any CPU
		{C8840184-153B-431D-A23F-8882C2E72C11}.Debug|iPhone.Build.0 = Debug|Any CPU
		{C8840184-153B-431D-A23F-8882C2E72C11}.Debug|iPhone.Deploy.0 = Debug|Any CPU
		{C8840184-153B-431D-A23F-8882C2E72C11}.Debug|iPhoneSimulator.ActiveCfg = Debug|Any CPU
		{C8840184-153B-431D-A23F-8882C2E72C11}.Debug|iPhoneSimulator.Build.0 = Debug|Any CPU
		{C8840184-153B-431D-A23F-8882C2E72C11}.Debug|iPhoneSimulator.Deploy.0 = Debug|Any CPU
		{C8840184-153B-431D-A23F-8882C2E72C11}.Release|Any CPU.ActiveCfg = Release|Any CPU
		{C8840184-153B-431D-A23F-8882C2E72C11}.Release|Any CPU.Build.0 = Release|Any CPU
		{C8840184-153B-431D-A23F-8882C2E72C11}.Release|Any CPU.Deploy.0 = Release|Any CPU
		{C8840184-153B-431D-A23F-8882C2E72C11}.Release|iPhone.ActiveCfg = Release|Any CPU
		{C8840184-153B-431D-A23F-8882C2E72C11}.Release|iPhone.Build.0 = Release|Any CPU
		{C8840184-153B-431D-A23F-8882C2E72C11}.Release|iPhone.Deploy.0 = Release|Any CPU
		{C8840184-153B-431D-A23F-8882C2E72C11}.Release|iPhoneSimulator.ActiveCfg = Release|Any CPU
		{C8840184-153B-431D-A23F-8882C2E72C11}.Release|iPhoneSimulator.Build.0 = Release|Any CPU
		{C8840184-153B-431D-A23F-8882C2E72C11}.Release|iPhoneSimulator.Deploy.0 = Release|Any CPU
		{E07F156E-4D52-4F3A-95A1-FDE3FD18EBFF}.Debug|Any CPU.ActiveCfg = Debug|Any CPU
		{E07F156E-4D52-4F3A-95A1-FDE3FD18EBFF}.Debug|Any CPU.Build.0 = Debug|Any CPU
		{E07F156E-4D52-4F3A-95A1-FDE3FD18EBFF}.Debug|iPhone.ActiveCfg = Debug|Any CPU
		{E07F156E-4D52-4F3A-95A1-FDE3FD18EBFF}.Debug|iPhone.Build.0 = Debug|Any CPU
		{E07F156E-4D52-4F3A-95A1-FDE3FD18EBFF}.Debug|iPhoneSimulator.ActiveCfg = Debug|Any CPU
		{E07F156E-4D52-4F3A-95A1-FDE3FD18EBFF}.Debug|iPhoneSimulator.Build.0 = Debug|Any CPU
		{E07F156E-4D52-4F3A-95A1-FDE3FD18EBFF}.Release|Any CPU.ActiveCfg = Release|Any CPU
		{E07F156E-4D52-4F3A-95A1-FDE3FD18EBFF}.Release|Any CPU.Build.0 = Release|Any CPU
		{E07F156E-4D52-4F3A-95A1-FDE3FD18EBFF}.Release|iPhone.ActiveCfg = Release|Any CPU
		{E07F156E-4D52-4F3A-95A1-FDE3FD18EBFF}.Release|iPhone.Build.0 = Release|Any CPU
		{E07F156E-4D52-4F3A-95A1-FDE3FD18EBFF}.Release|iPhoneSimulator.ActiveCfg = Release|Any CPU
		{E07F156E-4D52-4F3A-95A1-FDE3FD18EBFF}.Release|iPhoneSimulator.Build.0 = Release|Any CPU
	EndGlobalSection
	GlobalSection(SolutionProperties) = preSolution
		HideSolutionNode = FALSE
	EndGlobalSection
	GlobalSection(NestedProjects) = preSolution
		{E07F156E-4D52-4F3A-95A1-FDE3FD18EBFF} = {856DE10C-5807-4F73-9166-CC2F54BB6322}
	EndGlobalSection
	GlobalSection(ExtensibilityGlobals) = postSolution
		SolutionGuid = {7565A8CC-AED1-4F02-BD3C-9B6C8D60B25F}
	EndGlobalSection
EndGlobal
